
Microsoft Visual Studio Solution File, Format Version 12.00
# Visual Studio Version 16
VisualStudioVersion = 16.0.29613.14
MinimumVisualStudioVersion = 10.0.40219.1
Project("{FAE04EC0-301F-11D3-BF4B-00C04F79EFBC}") = "LeetCodeSource", "LeetCodeSource\LeetCodeSource.csproj", "{939FDB53-1E46-4F34-A919-8D1F88FEBE22}"
EndProject
Global
	GlobalSection(SolutionConfigurationPlatforms) = preSolution
		Debug|Any CPU = Debug|Any CPU
		Release|Any CPU = Release|Any CPU
	EndGlobalSection
	GlobalSection(ProjectConfigurationPlatforms) = postSolution
		{939FDB53-1E46-4F34-A919-8D1F88FEBE22}.Debug|Any CPU.ActiveCfg = Debug|Any CPU
		{939FDB53-1E46-4F34-A919-8D1F88FEBE22}.Debug|Any CPU.Build.0 = Debug|Any CPU
		{939FDB53-1E46-4F34-A919-8D1F88FEBE22}.Release|Any CPU.ActiveCfg = Release|Any CPU
		{939FDB53-1E46-4F34-A919-8D1F88FEBE22}.Release|Any CPU.Build.0 = Release|Any CPU
	EndGlobalSection
	GlobalSection(SolutionProperties) = preSolution
		HideSolutionNode = FALSE
	EndGlobalSection
	GlobalSection(ExtensibilityGlobals) = postSolution
		SolutionGuid = {2CB1FB99-32A6-4C28-A17B-8759A3EA1691}
	EndGlobalSection
EndGlobal
